
Microsoft Visual Studio Solution File, Format Version 12.00
# Visual Studio Version 17
VisualStudioVersion = 17.7.34221.43
MinimumVisualStudioVersion = 10.0.40219.1
Project("{FAE04EC0-301F-11D3-BF4B-00C04F79EFBC}") = "DBI.MongoRepoGeneric", "DBI.MongoRepoGeneric.csproj", "{97E6F8D5-35DF-4D8F-853A-66C0E02A0B8B}"
EndProject
Project("{FAE04EC0-301F-11D3-BF4B-00C04F79EFBC}") = "DBI.MongoRepoGeneric.Tests", "..\..\tests\DBI.MongoRepoGeneric.Tests\DBI.MongoRepoGeneric.Tests.csproj", "{0B59192F-8139-41FE-BDCD-4263A2B0E8D3}"
EndProject
Global
	GlobalSection(SolutionConfigurationPlatforms) = preSolution
		Debug|Any CPU = Debug|Any CPU
		Release|Any CPU = Release|Any CPU
	EndGlobalSection
	GlobalSection(ProjectConfigurationPlatforms) = postSolution
		{97E6F8D5-35DF-4D8F-853A-66C0E02A0B8B}.Debug|Any CPU.ActiveCfg = Debug|Any CPU
		{97E6F8D5-35DF-4D8F-853A-66C0E02A0B8B}.Debug|Any CPU.Build.0 = Debug|Any CPU
		{97E6F8D5-35DF-4D8F-853A-66C0E02A0B8B}.Release|Any CPU.ActiveCfg = Release|Any CPU
		{97E6F8D5-35DF-4D8F-853A-66C0E02A0B8B}.Release|Any CPU.Build.0 = Release|Any CPU
		{0B59192F-8139-41FE-BDCD-4263A2B0E8D3}.Debug|Any CPU.ActiveCfg = Debug|Any CPU
		{0B59192F-8139-41FE-BDCD-4263A2B0E8D3}.Debug|Any CPU.Build.0 = Debug|Any CPU
		{0B59192F-8139-41FE-BDCD-4263A2B0E8D3}.Release|Any CPU.ActiveCfg = Release|Any CPU
		{0B59192F-8139-41FE-BDCD-4263A2B0E8D3}.Release|Any CPU.Build.0 = Release|Any CPU
	EndGlobalSection
	GlobalSection(SolutionProperties) = preSolution
		HideSolutionNode = FALSE
	EndGlobalSection
	GlobalSection(ExtensibilityGlobals) = postSolution
		SolutionGuid = {85DDA812-49A8-451A-A018-297933A60C81}
	EndGlobalSection
EndGlobal
